
Microsoft Visual Studio Solution File, Format Version 12.00
# Visual Studio 15
VisualStudioVersion = 15.0.27130.2027
MinimumVisualStudioVersion = 10.0.40219.1
Project("{FAE04EC0-301F-11D3-BF4B-00C04F79EFBC}") = "UI", "UI\UI.csproj", "{4672DDF1-514B-48BD-90B2-48C11F874373}"
EndProject
Project("{FAE04EC0-301F-11D3-BF4B-00C04F79EFBC}") = "BL", "BL\BL.csproj", "{1155D112-37ED-4B52-9698-665C3F1E5DE2}"
EndProject
Project("{FAE04EC0-301F-11D3-BF4B-00C04F79EFBC}") = "Dao", "DAO\Dao.csproj", "{E9976912-A1FD-41E8-988F-16F942727F6F}"
EndProject
Project("{FAE04EC0-301F-11D3-BF4B-00C04F79EFBC}") = "Core", "CORE\Core.csproj", "{9A6A1A0F-4CD2-45A0-8917-AA63230F11EF}"
EndProject
Project("{FAE04EC0-301F-11D3-BF4B-00C04F79EFBC}") = "Interfaces", "INTERFACES\Interfaces.csproj", "{7D93504C-B4CC-479B-97CC-F399D6B08326}"
EndProject
Global
	GlobalSection(SolutionConfigurationPlatforms) = preSolution
		Debug|Any CPU = Debug|Any CPU
		Release|Any CPU = Release|Any CPU
	EndGlobalSection
	GlobalSection(ProjectConfigurationPlatforms) = postSolution
		{4672DDF1-514B-48BD-90B2-48C11F874373}.Debug|Any CPU.ActiveCfg = Release|Any CPU
		{4672DDF1-514B-48BD-90B2-48C11F874373}.Debug|Any CPU.Build.0 = Release|Any CPU
		{4672DDF1-514B-48BD-90B2-48C11F874373}.Release|Any CPU.ActiveCfg = Release|Any CPU
		{4672DDF1-514B-48BD-90B2-48C11F874373}.Release|Any CPU.Build.0 = Release|Any CPU
		{1155D112-37ED-4B52-9698-665C3F1E5DE2}.Debug|Any CPU.ActiveCfg = Release|Any CPU
		{1155D112-37ED-4B52-9698-665C3F1E5DE2}.Debug|Any CPU.Build.0 = Release|Any CPU
		{1155D112-37ED-4B52-9698-665C3F1E5DE2}.Release|Any CPU.ActiveCfg = Release|Any CPU
		{1155D112-37ED-4B52-9698-665C3F1E5DE2}.Release|Any CPU.Build.0 = Release|Any CPU
		{E9976912-A1FD-41E8-988F-16F942727F6F}.Debug|Any CPU.ActiveCfg = Release|Any CPU
		{E9976912-A1FD-41E8-988F-16F942727F6F}.Debug|Any CPU.Build.0 = Release|Any CPU
		{E9976912-A1FD-41E8-988F-16F942727F6F}.Release|Any CPU.ActiveCfg = Release|Any CPU
		{E9976912-A1FD-41E8-988F-16F942727F6F}.Release|Any CPU.Build.0 = Release|Any CPU
		{9A6A1A0F-4CD2-45A0-8917-AA63230F11EF}.Debug|Any CPU.ActiveCfg = Release|Any CPU
		{9A6A1A0F-4CD2-45A0-8917-AA63230F11EF}.Debug|Any CPU.Build.0 = Release|Any CPU
		{9A6A1A0F-4CD2-45A0-8917-AA63230F11EF}.Release|Any CPU.ActiveCfg = Release|Any CPU
		{9A6A1A0F-4CD2-45A0-8917-AA63230F11EF}.Release|Any CPU.Build.0 = Release|Any CPU
		{7D93504C-B4CC-479B-97CC-F399D6B08326}.Debug|Any CPU.ActiveCfg = Release|Any CPU
		{7D93504C-B4CC-479B-97CC-F399D6B08326}.Debug|Any CPU.Build.0 = Release|Any CPU
		{7D93504C-B4CC-479B-97CC-F399D6B08326}.Release|Any CPU.ActiveCfg = Release|Any CPU
		{7D93504C-B4CC-479B-97CC-F399D6B08326}.Release|Any CPU.Build.0 = Release|Any CPU
	EndGlobalSection
	GlobalSection(SolutionProperties) = preSolution
		HideSolutionNode = FALSE
	EndGlobalSection
	GlobalSection(ExtensibilityGlobals) = postSolution
		SolutionGuid = {5983AA26-249D-47A9-8CF2-69C1F1BB2596}
	EndGlobalSection
EndGlobal
